{
  "name": "swagger-nodegen-cli",
  "version": "3.0.35",
  "lockfileVersion": 2,
  "requires": true,
  "packages": {
    "": {
      "name": "swagger-nodegen-cli",
      "version": "3.0.35",
      "license": "Apache-2.0",
      "dependencies": {
        "user": "^0.0.0"
      },
      "bin": {
        "sc": "bin/swagger-codegen-cli.js",
        "swagger-codegen-cli": "bin/swagger-codegen-cli.js",
        "swagger-nodegen-cli": "bin/swagger-codegen-cli.js"
      }
    },
    "node_modules/user": {
      "version": "0.0.0",
      "resolved": "https://registry.npmjs.org/user/-/user-0.0.0.tgz",
      "integrity": "sha1-8n8bI/xRHyqO+kDbVc+6Ejgk4Co="
    }
  },
  "dependencies": {
    "user": {
      "version": "0.0.0",
      "resolved": "https://registry.npmjs.org/user/-/user-0.0.0.tgz",
      "integrity": "sha1-8n8bI/xRHyqO+kDbVc+6Ejgk4Co="
    }
  }
}
